Microsoft Visual Studio Solution File, Format Version 12.00
# Visual Studio Version 17
VisualStudioVersion = 17.0.31903.59
MinimumVisualStudioVersion = 10.0.40219.1
Project("{9A19103F-16F7-4668-BE54-9A1E7A4F7556}") = "KisiselFinans.Core", "src\KisiselFinans.Core\KisiselFinans.Core.csproj", "{A1B2C3D4-1111-2222-3333-444455556666}"
EndProject
Project("{9A19103F-16F7-4668-BE54-9A1E7A4F7556}") = "KisiselFinans.Data", "src\KisiselFinans.Data\KisiselFinans.Data.csproj", "{A1B2C3D4-1111-2222-3333-444455557777}"
EndProject
Project("{9A19103F-16F7-4668-BE54-9A1E7A4F7556}") = "KisiselFinans.Business", "src\KisiselFinans.Business\KisiselFinans.Business.csproj", "{A1B2C3D4-1111-2222-3333-444455558888}"
EndProject
Project("{9A19103F-16F7-4668-BE54-9A1E7A4F7556}") = "KisiselFinans.UI", "src\KisiselFinans.UI\KisiselFinans.UI.csproj", "{A1B2C3D4-1111-2222-3333-444455559999}"
EndProject
Project("{2150E333-8FDC-42A3-9474-1A3956D46DE8}") = "src", "src", "{E1F2A3B4-5555-6666-7777-888899990000}"
EndProject
Global
	GlobalSection(SolutionConfigurationPlatforms) = preSolution
		Debug|Any CPU = Debug|Any CPU
		Release|Any CPU = Release|Any CPU
	EndGlobalSection
	GlobalSection(ProjectConfigurationPlatforms) = postSolution
		{A1B2C3D4-1111-2222-3333-444455556666}.Debug|Any CPU.ActiveCfg = Debug|Any CPU
		{A1B2C3D4-1111-2222-3333-444455556666}.Debug|Any CPU.Build.0 = Debug|Any CPU
		{A1B2C3D4-1111-2222-3333-444455556666}.Release|Any CPU.ActiveCfg = Release|Any CPU
		{A1B2C3D4-1111-2222-3333-444455556666}.Release|Any CPU.Build.0 = Release|Any CPU
		{A1B2C3D4-1111-2222-3333-444455557777}.Debug|Any CPU.ActiveCfg = Debug|Any CPU
		{A1B2C3D4-1111-2222-3333-444455557777}.Debug|Any CPU.Build.0 = Debug|Any CPU
		{A1B2C3D4-1111-2222-3333-444455557777}.Release|Any CPU.ActiveCfg = Release|Any CPU
		{A1B2C3D4-1111-2222-3333-444455557777}.Release|Any CPU.Build.0 = Release|Any CPU
		{A1B2C3D4-1111-2222-3333-444455558888}.Debug|Any CPU.ActiveCfg = Debug|Any CPU
		{A1B2C3D4-1111-2222-3333-444455558888}.Debug|Any CPU.Build.0 = Debug|Any CPU
		{A1B2C3D4-1111-2222-3333-444455558888}.Release|Any CPU.ActiveCfg = Release|Any CPU
		{A1B2C3D4-1111-2222-3333-444455558888}.Release|Any CPU.Build.0 = Release|Any CPU
		{A1B2C3D4-1111-2222-3333-444455559999}.Debug|Any CPU.ActiveCfg = Debug|Any CPU
		{A1B2C3D4-1111-2222-3333-444455559999}.Debug|Any CPU.Build.0 = Debug|Any CPU
		{A1B2C3D4-1111-2222-3333-444455559999}.Release|Any CPU.ActiveCfg = Release|Any CPU
		{A1B2C3D4-1111-2222-3333-444455559999}.Release|Any CPU.Build.0 = Release|Any CPU
	EndGlobalSection
	GlobalSection(SolutionProperties) = preSolution
		HideSolutionNode = FALSE
	EndGlobalSection
	GlobalSection(NestedProjects) = preSolution
		{A1B2C3D4-1111-2222-3333-444455556666} = {E1F2A3B4-5555-6666-7777-888899990000}
		{A1B2C3D4-1111-2222-3333-444455557777} = {E1F2A3B4-5555-6666-7777-888899990000}
		{A1B2C3D4-1111-2222-3333-444455558888} = {E1F2A3B4-5555-6666-7777-888899990000}
		{A1B2C3D4-1111-2222-3333-444455559999} = {E1F2A3B4-5555-6666-7777-888899990000}
	EndGlobalSection
	GlobalSection(ExtensibilityGlobals) = postSolution
		SolutionGuid = {F1E2D3C4-AAAA-BBBB-CCCC-DDDDEEEEFFFF}
	EndGlobalSection
EndGlobal
